// !$*UTF8*$!
{
	archiveVersion = 1;
	classes = {
	};
	objectVersion = 56;
	objects = {

/* Begin PBXBuildFile section */
		683CE6E62ABF89240084BD90 /* Characters.swift in Sources */ = {isa = PBXBuildFile; fileRef = 683CE6E52ABF89240084BD90 /* Characters.swift */; };
		683CE6E82ABF8CB10084BD90 /* RickAndMortyViewModel.swift in Sources */ = {isa = PBXBuildFile; fileRef = 683CE6E72ABF8CB10084BD90 /* RickAndMortyViewModel.swift */; };
		683D20DF2ABF380B00DF1559 /* RickyAndMortyAppApp.swift in Sources */ = {isa = PBXBuildFile; fileRef = 683D20DE2ABF380B00DF1559 /* RickyAndMortyAppApp.swift */; };
		683D20E12ABF380B00DF1559 /* HomeView.swift in Sources */ = {isa = PBXBuildFile; fileRef = 683D20E02ABF380B00DF1559 /* HomeView.swift */; };
		683D20E32ABF380C00DF1559 /* Assets.xcassets in Resources */ = {isa = PBXBuildFile; fileRef = 683D20E22ABF380C00DF1559 /* Assets.xcassets */; };
		683D20E62ABF380C00DF1559 /* Preview Assets.xcassets in Resources */ = {isa = PBXBuildFile; fileRef = 683D20E52ABF380C00DF1559 /* Preview Assets.xcassets */; };
		683D20F02ABF380D00DF1559 /* RickyAndMortyAppTests.swift in Sources */ = {isa = PBXBuildFile; fileRef = 683D20EF2ABF380D00DF1559 /* RickyAndMortyAppTests.swift */; };
		683D20FA2ABF380D00DF1559 /* RickyAndMortyAppUITests.swift in Sources */ = {isa = PBXBuildFile; fileRef = 683D20F92ABF380D00DF1559 /* RickyAndMortyAppUITests.swift */; };
		683D20FC2ABF380D00DF1559 /* RickyAndMortyAppUITestsLaunchTests.swift in Sources */ = {isa = PBXBuildFile; fileRef = 683D20FB2ABF380D00DF1559 /* RickyAndMortyAppUITestsLaunchTests.swift */; };
		6846762C2ACB037900D2C1CB /* RickAndMortyService.swift in Sources */ = {isa = PBXBuildFile; fileRef = 6846762B2ACB037900D2C1CB /* RickAndMortyService.swift */; };
		6846762E2ACB03C600D2C1CB /* RickAndMortyDataService.swift in Sources */ = {isa = PBXBuildFile; fileRef = 6846762D2ACB03C600D2C1CB /* RickAndMortyDataService.swift */; };
		684676332ACB423900D2C1CB /* Episodes.swift in Sources */ = {isa = PBXBuildFile; fileRef = 684676322ACB423900D2C1CB /* Episodes.swift */; };
		684676352ACB424400D2C1CB /* Locations.swift in Sources */ = {isa = PBXBuildFile; fileRef = 684676342ACB424400D2C1CB /* Locations.swift */; };
/* End PBXBuildFile section */

/* Begin PBXContainerItemProxy section */
		683D20EC2ABF380D00DF1559 /* PBXContainerItemProxy */ = {
			isa = PBXContainerItemProxy;
			containerPortal = 683D20D32ABF380B00DF1559 /* Project object */;
			proxyType = 1;
			remoteGlobalIDString = 683D20DA2ABF380B00DF1559;
			remoteInfo = RickyAndMortyApp;
		};
		683D20F62ABF380D00DF1559 /* PBXContainerItemProxy */ = {
			isa = PBXContainerItemProxy;
			containerPortal = 683D20D32ABF380B00DF1559 /* Project object */;
			proxyType = 1;
			remoteGlobalIDString = 683D20DA2ABF380B00DF1559;
			remoteInfo = RickyAndMortyApp;
		};
/* End PBXContainerItemProxy section */

/* Begin PBXFileReference section */
		683CE6E52ABF89240084BD90 /* Characters.swift */ = {isa = PBXFileReference; lastKnownFileType = sourcecode.swift; path = Characters.swift; sourceTree = "<group>"; };
		683CE6E72ABF8CB10084BD90 /* RickAndMortyViewModel.swift */ = {isa = PBXFileReference; lastKnownFileType = sourcecode.swift; path = RickAndMortyViewModel.swift; sourceTree = "<group>"; };
		683D20DB2ABF380B00DF1559 /* RickyAndMortyApp.app */ = {isa = PBXFileReference; explicitFileType = wrapper.application; includeInIndex = 0; path = RickyAndMortyApp.app; sourceTree = BUILT_PRODUCTS_DIR; };
		683D20DE2ABF380B00DF1559 /* RickyAndMortyAppApp.swift */ = {isa = PBXFileReference; lastKnownFileType = sourcecode.swift; path = RickyAndMortyAppApp.swift; sourceTree = "<group>"; };
		683D20E02ABF380B00DF1559 /* HomeView.swift */ = {isa = PBXFileReference; lastKnownFileType = sourcecode.swift; path = HomeView.swift; sourceTree = "<group>"; };
		683D20E22ABF380C00DF1559 /* Assets.xcassets */ = {isa = PBXFileReference; lastKnownFileType = folder.assetcatalog; path = Assets.xcassets; sourceTree = "<group>"; };
		683D20E52ABF380C00DF1559 /* Preview Assets.xcassets */ = {isa = PBXFileReference; lastKnownFileType = folder.assetcatalog; path = "Preview Assets.xcassets"; sourceTree = "<group>"; };
		683D20EB2ABF380D00DF1559 /* RickyAndMortyAppTests.xctest */ = {isa = PBXFileReference; explicitFileType = wrapper.cfbundle; includeInIndex = 0; path = RickyAndMortyAppTests.xctest; sourceTree = BUILT_PRODUCTS_DIR; };
		683D20EF2ABF380D00DF1559 /* RickyAndMortyAppTests.swift */ = {isa = PBXFileReference; lastKnownFileType = sourcecode.swift; path = RickyAndMortyAppTests.swift; sourceTree = "<group>"; };
		683D20F52ABF380D00DF1559 /* RickyAndMortyAppUITests.xctest */ = {isa = PBXFileReference; explicitFileType = wrapper.cfbundle; includeInIndex = 0; path = RickyAndMortyAppUITests.xctest; sourceTree = BUILT_PRODUCTS_DIR; };
		683D20F92ABF380D00DF1559 /* RickyAndMortyAppUITests.swift */ = {isa = PBXFileReference; lastKnownFileType = sourcecode.swift; path = RickyAndMortyAppUITests.swift; sourceTree = "<group>"; };
		683D20FB2ABF380D00DF1559 /* RickyAndMortyAppUITestsLaunchTests.swift */ = {isa = PBXFileReference; lastKnownFileType = sourcecode.swift; path = RickyAndMortyAppUITestsLaunchTests.swift; sourceTree = "<group>"; };
		6846762B2ACB037900D2C1CB /* RickAndMortyService.swift */ = {isa = PBXFileReference; lastKnownFileType = sourcecode.swift; path = RickAndMortyService.swift; sourceTree = "<group>"; };
		6846762D2ACB03C600D2C1CB /* RickAndMortyDataService.swift */ = {isa = PBXFileReference; lastKnownFileType = sourcecode.swift; path = RickAndMortyDataService.swift; sourceTree = "<group>"; };
		684676322ACB423900D2C1CB /* Episodes.swift */ = {isa = PBXFileReference; lastKnownFileType = sourcecode.swift; path = Episodes.swift; sourceTree = "<group>"; };
		684676342ACB424400D2C1CB /* Locations.swift */ = {isa = PBXFileReference; lastKnownFileType = sourcecode.swift; path = Locations.swift; sourceTree = "<group>"; };
/* End PBXFileReference section */

/* Begin PBXFrameworksBuildPhase section */
		683D20D82ABF380B00DF1559 /* Frameworks */ = {
			isa = PBXFrameworksBuildPhase;
			buildActionMask = 2147483647;
			files = (
			);
			runOnlyForDeploymentPostprocessing = 0;
		};
		683D20E82ABF380D00DF1559 /* Frameworks */ = {
			isa = PBXFrameworksBuildPhase;
			buildActionMask = 2147483647;
			files = (
			);
			runOnlyForDeploymentPostprocessing = 0;
		};
		683D20F22ABF380D00DF1559 /* Frameworks */ = {
			isa = PBXFrameworksBuildPhase;
			buildActionMask = 2147483647;
			files = (
			);
			runOnlyForDeploymentPostprocessing = 0;
		};
/* End PBXFrameworksBuildPhase section */

/* Begin PBXGroup section */
		683CE6E12ABF76D80084BD90 /* Views */ = {
			isa = PBXGroup;
			children = (
				683D20E02ABF380B00DF1559 /* HomeView.swift */,
			);
			path = Views;
			sourceTree = "<group>";
		};
		683CE6E22ABF87610084BD90 /* ViewModels */ = {
			isa = PBXGroup;
			children = (
				683CE6E72ABF8CB10084BD90 /* RickAndMortyViewModel.swift */,
			);
			path = ViewModels;
			sourceTree = "<group>";
		};
		683CE6E32ABF87750084BD90 /* Models */ = {
			isa = PBXGroup;
			children = (
				683CE6E52ABF89240084BD90 /* Characters.swift */,
				684676322ACB423900D2C1CB /* Episodes.swift */,
				684676342ACB424400D2C1CB /* Locations.swift */,
			);
			path = Models;
			sourceTree = "<group>";
		};
		683D20D22ABF380A00DF1559 = {
			isa = PBXGroup;
			children = (
				683D20DD2ABF380B00DF1559 /* RickyAndMortyApp */,
				683D20EE2ABF380D00DF1559 /* RickyAndMortyAppTests */,
				683D20F82ABF380D00DF1559 /* RickyAndMortyAppUITests */,
				683D20DC2ABF380B00DF1559 /* Products */,
			);
			sourceTree = "<group>";
		};
		683D20DC2ABF380B00DF1559 /* Products */ = {
			isa = PBXGroup;
			children = (
				683D20DB2ABF380B00DF1559 /* RickyAndMortyApp.app */,
				683D20EB2ABF380D00DF1559 /* RickyAndMortyAppTests.xctest */,
				683D20F52ABF380D00DF1559 /* RickyAndMortyAppUITests.xctest */,
			);
			name = Products;
			sourceTree = "<group>";
		};
		683D20DD2ABF380B00DF1559 /* RickyAndMortyApp */ = {
			isa = PBXGroup;
			children = (
				684676292ACB034100D2C1CB /* Services */,
				683CE6E32ABF87750084BD90 /* Models */,
				683CE6E22ABF87610084BD90 /* ViewModels */,
				683CE6E12ABF76D80084BD90 /* Views */,
				683D20DE2ABF380B00DF1559 /* RickyAndMortyAppApp.swift */,
				683D20E22ABF380C00DF1559 /* Assets.xcassets */,
				683D20E42ABF380C00DF1559 /* Preview Content */,
			);
			path = RickyAndMortyApp;
			sourceTree = "<group>";
		};
		683D20E42ABF380C00DF1559 /* Preview Content */ = {
			isa = PBXGroup;
			children = (
				683D20E52ABF380C00DF1559 /* Preview Assets.xcassets */,
			);
			path = "Preview Content";
			sourceTree = "<group>";
		};
		683D20EE2ABF380D00DF1559 /* RickyAndMortyAppTests */ = {
			isa = PBXGroup;
			children = (
				683D20EF2ABF380D00DF1559 /* RickyAndMortyAppTests.swift */,
			);
			path = RickyAndMortyAppTests;
			sourceTree = "<group>";
		};
		683D20F82ABF380D00DF1559 /* RickyAndMortyAppUITests */ = {
			isa = PBXGroup;
			children = (
				683D20F92ABF380D00DF1559 /* RickyAndMortyAppUITests.swift */,
				683D20FB2ABF380D00DF1559 /* RickyAndMortyAppUITestsLaunchTests.swift */,
			);
			path = RickyAndMortyAppUITests;
			sourceTree = "<group>";
		};
		684676292ACB034100D2C1CB /* Services */ = {
			isa = PBXGroup;
			children = (
				6846762B2ACB037900D2C1CB /* RickAndMortyService.swift */,
				6846762D2ACB03C600D2C1CB /* RickAndMortyDataService.swift */,
			);
			path = Services;
			sourceTree = "<group>";
		};
/* End PBXGroup section */

/* Begin PBXNativeTarget section */
		683D20DA2ABF380B00DF1559 /* RickyAndMortyApp */ = {
			isa = PBXNativeTarget;
			buildConfigurationList = 683D20FF2ABF380D00DF1559 /* Build configuration list for PBXNativeTarget "RickyAndMortyApp" */;
			buildPhases = (
				683D20D72ABF380B00DF1559 /* Sources */,
				683D20D82ABF380B00DF1559 /* Frameworks */,
				683D20D92ABF380B00DF1559 /* Resources */,
			);
			buildRules = (
			);
			dependencies = (
			);
			name = RickyAndMortyApp;
			productName = RickyAndMortyApp;
			productReference = 683D20DB2ABF380B00DF1559 /* RickyAndMortyApp.app */;
			productType = "com.apple.product-type.application";
		};
		683D20EA2ABF380D00DF1559 /* RickyAndMortyAppTests */ = {
			isa = PBXNativeTarget;
			buildConfigurationList = 683D21022ABF380D00DF1559 /* Build configuration list for PBXNativeTarget "RickyAndMortyAppTests" */;
			buildPhases = (
				683D20E72ABF380D00DF1559 /* Sources */,
				683D20E82ABF380D00DF1559 /* Frameworks */,
				683D20E92ABF380D00DF1559 /* Resources */,
			);
			buildRules = (
			);
			dependencies = (
				683D20ED2ABF380D00DF1559 /* PBXTargetDependency */,
			);
			name = RickyAndMortyAppTests;
			productName = RickyAndMortyAppTests;
			productReference = 683D20EB2ABF380D00DF1559 /* RickyAndMortyAppTests.xctest */;
			productType = "com.apple.product-type.bundle.unit-test";
		};
		683D20F42ABF380D00DF1559 /* RickyAndMortyAppUITests */ = {
			isa = PBXNativeTarget;
			buildConfigurationList = 683D21052ABF380D00DF1559 /* Build configuration list for PBXNativeTarget "RickyAndMortyAppUITests" */;
			buildPhases = (
				683D20F12ABF380D00DF1559 /* Sources */,
				683D20F22ABF380D00DF1559 /* Frameworks */,
				683D20F32ABF380D00DF1559 /* Resources */,
			);
			buildRules = (
			);
			dependencies = (
				683D20F72ABF380D00DF1559 /* PBXTargetDependency */,
			);
			name = RickyAndMortyAppUITests;
			productName = RickyAndMortyAppUITests;
			productReference = 683D20F52ABF380D00DF1559 /* RickyAndMortyAppUITests.xctest */;
			productType = "com.apple.product-type.bundle.ui-testing";
		};
/* End PBXNativeTarget section */

/* Begin PBXProject section */
		683D20D32ABF380B00DF1559 /* Project object */ = {
			isa = PBXProject;
			attributes = {
				BuildIndependentTargetsInParallel = 1;
				LastSwiftUpdateCheck = 1430;
				LastUpgradeCheck = 1430;
				TargetAttributes = {
					683D20DA2ABF380B00DF1559 = {
						CreatedOnToolsVersion = 14.3;
					};
					683D20EA2ABF380D00DF1559 = {
						CreatedOnToolsVersion = 14.3;
						TestTargetID = 683D20DA2ABF380B00DF1559;
					};
					683D20F42ABF380D00DF1559 = {
						CreatedOnToolsVersion = 14.3;
						TestTargetID = 683D20DA2ABF380B00DF1559;
					};
				};
			};
			buildConfigurationList = 683D20D62ABF380B00DF1559 /* Build configuration list for PBXProject "RickyAndMortyApp" */;
			compatibilityVersion = "Xcode 14.0";
			developmentRegion = en;
			hasScannedForEncodings = 0;
			knownRegions = (
				en,
				Base,
			);
			mainGroup = 683D20D22ABF380A00DF1559;
			productRefGroup = 683D20DC2ABF380B00DF1559 /* Products */;
			projectDirPath = "";
			projectRoot = "";
			targets = (
				683D20DA2ABF380B00DF1559 /* RickyAndMortyApp */,
				683D20EA2ABF380D00DF1559 /* RickyAndMortyAppTests */,
				683D20F42ABF380D00DF1559 /* RickyAndMortyAppUITests */,
			);
		};
/* End PBXProject section */

/* Begin PBXResourcesBuildPhase section */
		683D20D92ABF380B00DF1559 /* Resources */ = {
			isa = PBXResourcesBuildPhase;
			buildActionMask = 2147483647;
			files = (
				683D20E62ABF380C00DF1559 /* Preview Assets.xcassets in Resources */,
				683D20E32ABF380C00DF1559 /* Assets.xcassets in Resources */,
			);
			runOnlyForDeploymentPostprocessing = 0;
		};
		683D20E92ABF380D00DF1559 /* Resources */ = {
			isa = PBXResourcesBuildPhase;
			buildActionMask = 2147483647;
			files = (
			);
			runOnlyForDeploymentPostprocessing = 0;
		};
		683D20F32ABF380D00DF1559 /* Resources */ = {
			isa = PBXResourcesBuildPhase;
			buildActionMask = 2147483647;
			files = (
			);
			runOnlyForDeploymentPostprocessing = 0;
		};
/* End PBXResourcesBuildPhase section */

/* Begin PBXSourcesBuildPhase section */
		683D20D72ABF380B00DF1559 /* Sources */ = {
			isa = PBXSourcesBuildPhase;
			buildActionMask = 2147483647;
			files = (
				683CE6E62ABF89240084BD90 /* Characters.swift in Sources */,
				684676332ACB423900D2C1CB /* Episodes.swift in Sources */,
				6846762C2ACB037900D2C1CB /* RickAndMortyService.swift in Sources */,
				683CE6E82ABF8CB10084BD90 /* RickAndMortyViewModel.swift in Sources */,
				6846762E2ACB03C600D2C1CB /* RickAndMortyDataService.swift in Sources */,
				683D20E12ABF380B00DF1559 /* HomeView.swift in Sources */,
				684676352ACB424400D2C1CB /* Locations.swift in Sources */,
				683D20DF2ABF380B00DF1559 /* RickyAndMortyAppApp.swift in Sources */,
			);
			runOnlyForDeploymentPostprocessing = 0;
		};
		683D20E72ABF380D00DF1559 /* Sources */ = {
			isa = PBXSourcesBuildPhase;
			buildActionMask = 2147483647;
			files = (
				683D20F02ABF380D00DF1559 /* RickyAndMortyAppTests.swift in Sources */,
			);
			runOnlyForDeploymentPostprocessing = 0;
		};
		683D20F12ABF380D00DF1559 /* Sources */ = {
			isa = PBXSourcesBuildPhase;
			buildActionMask = 2147483647;
			files = (
				683D20FA2ABF380D00DF1559 /* RickyAndMortyAppUITests.swift in Sources */,
				683D20FC2ABF380D00DF1559 /* RickyAndMortyAppUITestsLaunchTests.swift in Sources */,
			);
			runOnlyForDeploymentPostprocessing = 0;
		};
/* End PBXSourcesBuildPhase section */

/* Begin PBXTargetDependency section */
		683D20ED2ABF380D00DF1559 /* PBXTargetDependency */ = {
			isa = PBXTargetDependency;
			target = 683D20DA2ABF380B00DF1559 /* RickyAndMortyApp */;
			targetProxy = 683D20EC2ABF380D00DF1559 /* PBXContainerItemProxy */;
		};
		683D20F72ABF380D00DF1559 /* PBXTargetDependency */ = {
			isa = PBXTargetDependency;
			target = 683D20DA2ABF380B00DF1559 /* RickyAndMortyApp */;
			targetProxy = 683D20F62ABF380D00DF1559 /* PBXContainerItemProxy */;
		};
/* End PBXTargetDependency section */

/* Begin XCBuildConfiguration section */
		683D20FD2ABF380D00DF1559 /* Debug */ = {
			isa = XCBuildConfiguration;
			buildSettings = {
				ALWAYS_SEARCH_USER_PATHS = NO;
				CLANG_ANALYZER_NONNULL = YES;
				CLANG_ANALYZER_NUMBER_OBJECT_CONVERSION = YES_AGGRESSIVE;
				CLANG_CXX_LANGUAGE_STANDARD = "gnu++20";
				CLANG_ENABLE_MODULES = YES;
				CLANG_ENABLE_OBJC_ARC = YES;
				CLANG_ENABLE_OBJC_WEAK = YES;
				CLANG_WARN_BLOCK_CAPTURE_AUTORELEASING = YES;
				CLANG_WARN_BOOL_CONVERSION = YES;
				CLANG_WARN_COMMA = YES;
				CLANG_WARN_CONSTANT_CONVERSION = YES;
				CLANG_WARN_DEPRECATED_OBJC_IMPLEMENTATIONS = YES;
				CLANG_WARN_DIRECT_OBJC_ISA_USAGE = YES_ERROR;
				CLANG_WARN_DOCUMENTATION_COMMENTS = YES;
				CLANG_WARN_EMPTY_BODY = YES;
				CLANG_WARN_ENUM_CONVERSION = YES;
				CLANG_WARN_INFINITE_RECURSION = YES;
				CLANG_WARN_INT_CONVERSION = YES;
				CLANG_WARN_NON_LITERAL_NULL_CONVERSION = YES;
				CLANG_WARN_OBJC_IMPLICIT_RETAIN_SELF = YES;
				CLANG_WARN_OBJC_LITERAL_CONVERSION = YES;
				CLANG_WARN_OBJC_ROOT_CLASS = YES_ERROR;
				CLANG_WARN_QUOTED_INCLUDE_IN_FRAMEWORK_HEADER = YES;
				CLANG_WARN_RANGE_LOOP_ANALYSIS = YES;
				CLANG_WARN_STRICT_PROTOTYPES = YES;
				CLANG_WARN_SUSPICIOUS_MOVE = YES;
				CLANG_WARN_UNGUARDED_AVAILABILITY = YES_AGGRESSIVE;
				CLANG_WARN_UNREACHABLE_CODE = YES;
				CLANG_WARN__DUPLICATE_METHOD_MATCH = YES;
				COPY_PHASE_STRIP = NO;
				DEBUG_INFORMATION_FORMAT = dwarf;
				ENABLE_STRICT_OBJC_MSGSEND = YES;
				ENABLE_TESTABILITY = YES;
				GCC_C_LANGUAGE_STANDARD = gnu11;
				GCC_DYNAMIC_NO_PIC = NO;
				GCC_NO_COMMON_BLOCKS = YES;
				GCC_OPTIMIZATION_LEVEL = 0;
				GCC_PREPROCESSOR_DEFINITIONS = (
					"DEBUG=1",
					"$(inherited)",
				);
				GCC_WARN_64_TO_32_BIT_CONVERSION = YES;
				GCC_WARN_ABOUT_RETURN_TYPE = YES_ERROR;
				GCC_WARN_UNDECLARED_SELECTOR = YES;
				GCC_WARN_UNINITIALIZED_AUTOS = YES_AGGRESSIVE;
				GCC_WARN_UNUSED_FUNCTION = YES;
				GCC_WARN_UNUSED_VARIABLE = YES;
				IPHONEOS_DEPLOYMENT_TARGET = 16.4;
				MTL_ENABLE_DEBUG_INFO = INCLUDE_SOURCE;
				MTL_FAST_MATH = YES;
				ONLY_ACTIVE_ARCH = YES;
				SDKROOT = iphoneos;
				SWIFT_ACTIVE_COMPILATION_CONDITIONS = DEBUG;
				SWIFT_OPTIMIZATION_LEVEL = "-Onone";
			};
			name = Debug;
		};
		683D20FE2ABF380D00DF1559 /* Release */ = {
			isa = XCBuildConfiguration;
			buildSettings = {
				ALWAYS_SEARCH_USER_PATHS = NO;
				CLANG_ANALYZER_NONNULL = YES;
				CLANG_ANALYZER_NUMBER_OBJECT_CONVERSION = YES_AGGRESSIVE;
				CLANG_CXX_LANGUAGE_STANDARD = "gnu++20";
				CLANG_ENABLE_MODULES = YES;
				CLANG_ENABLE_OBJC_ARC = YES;
				CLANG_ENABLE_OBJC_WEAK = YES;
				CLANG_WARN_BLOCK_CAPTURE_AUTORELEASING = YES;
				CLANG_WARN_BOOL_CONVERSION = YES;
				CLANG_WARN_COMMA = YES;
				CLANG_WARN_CONSTANT_CONVERSION = YES;
				CLANG_WARN_DEPRECATED_OBJC_IMPLEMENTATIONS = YES;
				CLANG_WARN_DIRECT_OBJC_ISA_USAGE = YES_ERROR;
				CLANG_WARN_DOCUMENTATION_COMMENTS = YES;
				CLANG_WARN_EMPTY_BODY = YES;
				CLANG_WARN_ENUM_CONVERSION = YES;
				CLANG_WARN_INFINITE_RECURSION = YES;
				CLANG_WARN_INT_CONVERSION = YES;
				CLANG_WARN_NON_LITERAL_NULL_CONVERSION = YES;
				CLANG_WARN_OBJC_IMPLICIT_RETAIN_SELF = YES;
				CLANG_WARN_OBJC_LITERAL_CONVERSION = YES;
				CLANG_WARN_OBJC_ROOT_CLASS = YES_ERROR;
				CLANG_WARN_QUOTED_INCLUDE_IN_FRAMEWORK_HEADER = YES;
				CLANG_WARN_RANGE_LOOP_ANALYSIS = YES;
				CLANG_WARN_STRICT_PROTOTYPES = YES;
				CLANG_WARN_SUSPICIOUS_MOVE = YES;
				CLANG_WARN_UNGUARDED_AVAILABILITY = YES_AGGRESSIVE;
				CLANG_WARN_UNREACHABLE_CODE = YES;
				CLANG_WARN__DUPLICATE_METHOD_MATCH = YES;
				COPY_PHASE_STRIP = NO;
				DEBUG_INFORMATION_FORMAT = "dwarf-with-dsym";
				ENABLE_NS_ASSERTIONS = NO;
				ENABLE_STRICT_OBJC_MSGSEND = YES;
				GCC_C_LANGUAGE_STANDARD = gnu11;
				GCC_NO_COMMON_BLOCKS = YES;
				GCC_WARN_64_TO_32_BIT_CONVERSION = YES;
				GCC_WARN_ABOUT_RETURN_TYPE = YES_ERROR;
				GCC_WARN_UNDECLARED_SELECTOR = YES;
				GCC_WARN_UNINITIALIZED_AUTOS = YES_AGGRESSIVE;
				GCC_WARN_UNUSED_FUNCTION = YES;
				GCC_WARN_UNUSED_VARIABLE = YES;
				IPHONEOS_DEPLOYMENT_TARGET = 16.4;
				MTL_ENABLE_DEBUG_INFO = NO;
				MTL_FAST_MATH = YES;
				SDKROOT = iphoneos;
				SWIFT_COMPILATION_MODE = wholemodule;
				SWIFT_OPTIMIZATION_LEVEL = "-O";
				VALIDATE_PRODUCT = YES;
			};
			name = Release;
		};
		683D21002ABF380D00DF1559 /* Debug */ = {
			isa = XCBuildConfiguration;
			buildSettings = {
				ASSETCATALOG_COMPILER_APPICON_NAME = AppIcon;
				ASSETCATALOG_COMPILER_GLOBAL_ACCENT_COLOR_NAME = AccentColor;
				CODE_SIGN_STYLE = Automatic;
				CURRENT_PROJECT_VERSION = 1;
				DEVELOPMENT_ASSET_PATHS = "\"RickyAndMortyApp/Preview Content\"";
				DEVELOPMENT_TEAM = 732277KLEB;
				ENABLE_PREVIEWS = YES;
				GENERATE_INFOPLIST_FILE = YES;
				INFOPLIST_KEY_UIApplicationSceneManifest_Generation = YES;
				INFOPLIST_KEY_UIApplicationSupportsIndirectInputEvents = YES;
				INFOPLIST_KEY_UILaunchScreen_Generation = YES;
				INFOPLIST_KEY_UISupportedInterfaceOrientations_iPad = "UIInterfaceOrientationPortrait UIInterfaceOrientationPortraitUpsideDown UIInterfaceOrientationLandscapeLeft UIInterfaceOrientationLandscapeRight";
				INFOPLIST_KEY_UISupportedInterfaceOrientations_iPhone = "UIInterfaceOrientationPortrait UIInterfaceOrientationLandscapeLeft UIInterfaceOrientationLandscapeRight";
				LD_RUNPATH_SEARCH_PATHS = (
					"$(inherited)",
					"@executable_path/Frameworks",
				);
				MARKETING_VERSION = 1.0;
				PRODUCT_BUNDLE_IDENTIFIER = br.com.michellicristina.RickyAndMortyApp;
				PRODUCT_NAME = "$(TARGET_NAME)";
				SWIFT_EMIT_LOC_STRINGS = YES;
				SWIFT_VERSION = 5.0;
				TARGETED_DEVICE_FAMILY = "1,2";
			};
			name = Debug;
		};
		683D21012ABF380D00DF1559 /* Release */ = {
			isa = XCBuildConfiguration;
			buildSettings = {
				ASSETCATALOG_COMPILER_APPICON_NAME = AppIcon;
				ASSETCATALOG_COMPILER_GLOBAL_ACCENT_COLOR_NAME = AccentColor;
				CODE_SIGN_STYLE = Automatic;
				CURRENT_PROJECT_VERSION = 1;
				DEVELOPMENT_ASSET_PATHS = "\"RickyAndMortyApp/Preview Content\"";
				DEVELOPMENT_TEAM = 732277KLEB;
				ENABLE_PREVIEWS = YES;
				GENERATE_INFOPLIST_FILE = YES;
				INFOPLIST_KEY_UIApplicationSceneManifest_Generation = YES;
				INFOPLIST_KEY_UIApplicationSupportsIndirectInputEvents = YES;
				INFOPLIST_KEY_UILaunchScreen_Generation = YES;
				INFOPLIST_KEY_UISupportedInterfaceOrientations_iPad = "UIInterfaceOrientationPortrait UIInterfaceOrientationPortraitUpsideDown UIInterfaceOrientationLandscapeLeft UIInterfaceOrientationLandscapeRight";
				INFOPLIST_KEY_UISupportedInterfaceOrientations_iPhone = "UIInterfaceOrientationPortrait UIInterfaceOrientationLandscapeLeft UIInterfaceOrientationLandscapeRight";
				LD_RUNPATH_SEARCH_PATHS = (
					"$(inherited)",
					"@executable_path/Frameworks",
				);
				MARKETING_VERSION = 1.0;
				PRODUCT_BUNDLE_IDENTIFIER = br.com.michellicristina.RickyAndMortyApp;
				PRODUCT_NAME = "$(TARGET_NAME)";
				SWIFT_EMIT_LOC_STRINGS = YES;
				SWIFT_VERSION = 5.0;
				TARGETED_DEVICE_FAMILY = "1,2";
			};
			name = Release;
		};
		683D21032ABF380D00DF1559 /* Debug */ = {
			isa = XCBuildConfiguration;
			buildSettings = {
				ALWAYS_EMBED_SWIFT_STANDARD_LIBRARIES = YES;
				BUNDLE_LOADER = "$(TEST_HOST)";
				CODE_SIGN_STYLE = Automatic;
				CURRENT_PROJECT_VERSION = 1;
				DEVELOPMENT_TEAM = 732277KLEB;
				GENERATE_INFOPLIST_FILE = YES;
				IPHONEOS_DEPLOYMENT_TARGET = 16.4;
				MARKETING_VERSION = 1.0;
				PRODUCT_BUNDLE_IDENTIFIER = br.com.michellicristina.RickyAndMortyAppTests;
				PRODUCT_NAME = "$(TARGET_NAME)";
				SWIFT_EMIT_LOC_STRINGS = NO;
				SWIFT_VERSION = 5.0;
				TARGETED_DEVICE_FAMILY = "1,2";
				TEST_HOST = "$(BUILT_PRODUCTS_DIR)/RickyAndMortyApp.app/$(BUNDLE_EXECUTABLE_FOLDER_PATH)/RickyAndMortyApp";
			};
			name = Debug;
		};
		683D21042ABF380D00DF1559 /* Release */ = {
			isa = XCBuildConfiguration;
			buildSettings = {
				ALWAYS_EMBED_SWIFT_STANDARD_LIBRARIES = YES;
				BUNDLE_LOADER = "$(TEST_HOST)";
				CODE_SIGN_STYLE = Automatic;
				CURRENT_PROJECT_VERSION = 1;
				DEVELOPMENT_TEAM = 732277KLEB;
				GENERATE_INFOPLIST_FILE = YES;
				IPHONEOS_DEPLOYMENT_TARGET = 16.4;
				MARKETING_VERSION = 1.0;
				PRODUCT_BUNDLE_IDENTIFIER = br.com.michellicristina.RickyAndMortyAppTests;
				PRODUCT_NAME = "$(TARGET_NAME)";
				SWIFT_EMIT_LOC_STRINGS = NO;
				SWIFT_VERSION = 5.0;
				TARGETED_DEVICE_FAMILY = "1,2";
				TEST_HOST = "$(BUILT_PRODUCTS_DIR)/RickyAndMortyApp.app/$(BUNDLE_EXECUTABLE_FOLDER_PATH)/RickyAndMortyApp";
			};
			name = Release;
		};
		683D21062ABF380D00DF1559 /* Debug */ = {
			isa = XCBuildConfiguration;
			buildSettings = {
				ALWAYS_EMBED_SWIFT_STANDARD_LIBRARIES = YES;
				CODE_SIGN_STYLE = Automatic;
				CURRENT_PROJECT_VERSION = 1;
				DEVELOPMENT_TEAM = 732277KLEB;
				GENERATE_INFOPLIST_FILE = YES;
				MARKETING_VERSION = 1.0;
				PRODUCT_BUNDLE_IDENTIFIER = br.com.michellicristina.RickyAndMortyAppUITests;
				PRODUCT_NAME = "$(TARGET_NAME)";
				SWIFT_EMIT_LOC_STRINGS = NO;
				SWIFT_VERSION = 5.0;
				TARGETED_DEVICE_FAMILY = "1,2";
				TEST_TARGET_NAME = RickyAndMortyApp;
			};
			name = Debug;
		};
		683D21072ABF380D00DF1559 /* Release */ = {
			isa = XCBuildConfiguration;
			buildSettings = {
				ALWAYS_EMBED_SWIFT_STANDARD_LIBRARIES = YES;
				CODE_SIGN_STYLE = Automatic;
				CURRENT_PROJECT_VERSION = 1;
				DEVELOPMENT_TEAM = 732277KLEB;
				GENERATE_INFOPLIST_FILE = YES;
				MARKETING_VERSION = 1.0;
				PRODUCT_BUNDLE_IDENTIFIER = br.com.michellicristina.RickyAndMortyAppUITests;
				PRODUCT_NAME = "$(TARGET_NAME)";
				SWIFT_EMIT_LOC_STRINGS = NO;
				SWIFT_VERSION = 5.0;
				TARGETED_DEVICE_FAMILY = "1,2";
				TEST_TARGET_NAME = RickyAndMortyApp;
			};
			name = Release;
		};
/* End XCBuildConfiguration section */

/* Begin XCConfigurationList section */
		683D20D62ABF380B00DF1559 /* Build configuration list for PBXProject "RickyAndMortyApp" */ = {
			isa = XCConfigurationList;
			buildConfigurations = (
				683D20FD2ABF380D00DF1559 /* Debug */,
				683D20FE2ABF380D00DF1559 /* Release */,
			);
			defaultConfigurationIsVisible = 0;
			defaultConfigurationName = Release;
		};
		683D20FF2ABF380D00DF1559 /* Build configuration list for PBXNativeTarget "RickyAndMortyApp" */ = {
			isa = XCConfigurationList;
			buildConfigurations = (
				683D21002ABF380D00DF1559 /* Debug */,
				683D21012ABF380D00DF1559 /* Release */,
			);
			defaultConfigurationIsVisible = 0;
			defaultConfigurationName = Release;
		};
		683D21022ABF380D00DF1559 /* Build configuration list for PBXNativeTarget "RickyAndMortyAppTests" */ = {
			isa = XCConfigurationList;
			buildConfigurations = (
				683D21032ABF380D00DF1559 /* Debug */,
				683D21042ABF380D00DF1559 /* Release */,
			);
			defaultConfigurationIsVisible = 0;
			defaultConfigurationName = Release;
		};
		683D21052ABF380D00DF1559 /* Build configuration list for PBXNativeTarget "RickyAndMortyAppUITests" */ = {
			isa = XCConfigurationList;
			buildConfigurations = (
				683D21062ABF380D00DF1559 /* Debug */,
				683D21072ABF380D00DF1559 /* Release */,
			);
			defaultConfigurationIsVisible = 0;
			defaultConfigurationName = Release;
		};
/* End XCConfigurationList section */
	};
	rootObject = 683D20D32ABF380B00DF1559 /* Project object */;
}
